// !$*UTF8*$!
{
	archiveVersion = 1;
	classes = {
	};
	objectVersion = 50;
	objects = {

/* Begin PBXBuildFile section */
		8287C42225D78EF100729808 /* AppDelegate.swift in Sources */ = {isa = PBXBuildFile; fileRef = 8287C42125D78EF100729808 /* AppDelegate.swift */; };
		8287C42425D78EF100729808 /* SceneDelegate.swift in Sources */ = {isa = PBXBuildFile; fileRef = 8287C42325D78EF100729808 /* SceneDelegate.swift */; };
		8287C42625D78EF100729808 /* ViewController.swift in Sources */ = {isa = PBXBuildFile; fileRef = 8287C42525D78EF100729808 /* ViewController.swift */; };
		8287C42925D78EF200729808 /* Main.storyboard in Resources */ = {isa = PBXBuildFile; fileRef = 8287C42725D78EF200729808 /* Main.storyboard */; };
		8287C42C25D78EF200729808 /* triv_ioApp.xcdatamodeld in Sources */ = {isa = PBXBuildFile; fileRef = 8287C42A25D78EF200729808 /* triv_ioApp.xcdatamodeld */; };
		8287C42E25D78EF500729808 /* Assets.xcassets in Resources */ = {isa = PBXBuildFile; fileRef = 8287C42D25D78EF500729808 /* Assets.xcassets */; };
		8287C43125D78EF500729808 /* LaunchScreen.storyboard in Resources */ = {isa = PBXBuildFile; fileRef = 8287C42F25D78EF500729808 /* LaunchScreen.storyboard */; };
		8287C43C25D78EF600729808 /* triv_ioAppTests.swift in Sources */ = {isa = PBXBuildFile; fileRef = 8287C43B25D78EF600729808 /* triv_ioAppTests.swift */; };
		8287C44725D78EF600729808 /* triv_ioAppUITests.swift in Sources */ = {isa = PBXBuildFile; fileRef = 8287C44625D78EF600729808 /* triv_ioAppUITests.swift */; };
/* End PBXBuildFile section */

/* Begin PBXContainerItemProxy section */
		8287C43825D78EF600729808 /* PBXContainerItemProxy */ = {
			isa = PBXContainerItemProxy;
			containerPortal = 8287C41625D78EF100729808 /* Project object */;
			proxyType = 1;
			remoteGlobalIDString = 8287C41D25D78EF100729808;
			remoteInfo = triv.ioApp;
		};
		8287C44325D78EF600729808 /* PBXContainerItemProxy */ = {
			isa = PBXContainerItemProxy;
			containerPortal = 8287C41625D78EF100729808 /* Project object */;
			proxyType = 1;
			remoteGlobalIDString = 8287C41D25D78EF100729808;
			remoteInfo = triv.ioApp;
		};
/* End PBXContainerItemProxy section */

/* Begin PBXFileReference section */
		8287C41E25D78EF100729808 /* triv.ioApp.app */ = {isa = PBXFileReference; explicitFileType = wrapper.application; includeInIndex = 0; path = triv.ioApp.app; sourceTree = BUILT_PRODUCTS_DIR; };
		8287C42125D78EF100729808 /* AppDelegate.swift */ = {isa = PBXFileReference; lastKnownFileType = sourcecode.swift; path = AppDelegate.swift; sourceTree = "<group>"; };
		8287C42325D78EF100729808 /* SceneDelegate.swift */ = {isa = PBXFileReference; lastKnownFileType = sourcecode.swift; path = SceneDelegate.swift; sourceTree = "<group>"; };
		8287C42525D78EF100729808 /* ViewController.swift */ = {isa = PBXFileReference; lastKnownFileType = sourcecode.swift; path = ViewController.swift; sourceTree = "<group>"; };
		8287C42825D78EF200729808 /* Base */ = {isa = PBXFileReference; lastKnownFileType = file.storyboard; name = Base; path = Base.lproj/Main.storyboard; sourceTree = "<group>"; };
		8287C42B25D78EF200729808 /* triv_ioApp.xcdatamodel */ = {isa = PBXFileReference; lastKnownFileType = wrapper.xcdatamodel; path = triv_ioApp.xcdatamodel; sourceTree = "<group>"; };
		8287C42D25D78EF500729808 /* Assets.xcassets */ = {isa = PBXFileReference; lastKnownFileType = folder.assetcatalog; path = Assets.xcassets; sourceTree = "<group>"; };
		8287C43025D78EF500729808 /* Base */ = {isa = PBXFileReference; lastKnownFileType = file.storyboard; name = Base; path = Base.lproj/LaunchScreen.storyboard; sourceTree = "<group>"; };
		8287C43225D78EF500729808 /* Info.plist */ = {isa = PBXFileReference; lastKnownFileType = text.plist.xml; path = Info.plist; sourceTree = "<group>"; };
		8287C43725D78EF600729808 /* triv.ioAppTests.xctest */ = {isa = PBXFileReference; explicitFileType = wrapper.cfbundle; includeInIndex = 0; path = triv.ioAppTests.xctest; sourceTree = BUILT_PRODUCTS_DIR; };
		8287C43B25D78EF600729808 /* triv_ioAppTests.swift */ = {isa = PBXFileReference; lastKnownFileType = sourcecode.swift; path = triv_ioAppTests.swift; sourceTree = "<group>"; };
		8287C43D25D78EF600729808 /* Info.plist */ = {isa = PBXFileReference; lastKnownFileType = text.plist.xml; path = Info.plist; sourceTree = "<group>"; };
		8287C44225D78EF600729808 /* triv.ioAppUITests.xctest */ = {isa = PBXFileReference; explicitFileType = wrapper.cfbundle; includeInIndex = 0; path = triv.ioAppUITests.xctest; sourceTree = BUILT_PRODUCTS_DIR; };
		8287C44625D78EF600729808 /* triv_ioAppUITests.swift */ = {isa = PBXFileReference; lastKnownFileType = sourcecode.swift; path = triv_ioAppUITests.swift; sourceTree = "<group>"; };
		8287C44825D78EF600729808 /* Info.plist */ = {isa = PBXFileReference; lastKnownFileType = text.plist.xml; path = Info.plist; sourceTree = "<group>"; };
/* End PBXFileReference section */

/* Begin PBXFrameworksBuildPhase section */
		8287C41B25D78EF100729808 /* Frameworks */ = {
			isa = PBXFrameworksBuildPhase;
			buildActionMask = 2147483647;
			files = (
			);
			runOnlyForDeploymentPostprocessing = 0;
		};
		8287C43425D78EF600729808 /* Frameworks */ = {
			isa = PBXFrameworksBuildPhase;
			buildActionMask = 2147483647;
			files = (
			);
			runOnlyForDeploymentPostprocessing = 0;
		};
		8287C43F25D78EF600729808 /* Frameworks */ = {
			isa = PBXFrameworksBuildPhase;
			buildActionMask = 2147483647;
			files = (
			);
			runOnlyForDeploymentPostprocessing = 0;
		};
/* End PBXFrameworksBuildPhase section */

/* Begin PBXGroup section */
		8287C41525D78EF100729808 = {
			isa = PBXGroup;
			children = (
				8287C42025D78EF100729808 /* triv.ioApp */,
				8287C43A25D78EF600729808 /* triv.ioAppTests */,
				8287C44525D78EF600729808 /* triv.ioAppUITests */,
				8287C41F25D78EF100729808 /* Products */,
			);
			sourceTree = "<group>";
		};
		8287C41F25D78EF100729808 /* Products */ = {
			isa = PBXGroup;
			children = (
				8287C41E25D78EF100729808 /* triv.ioApp.app */,
				8287C43725D78EF600729808 /* triv.ioAppTests.xctest */,
				8287C44225D78EF600729808 /* triv.ioAppUITests.xctest */,
			);
			name = Products;
			sourceTree = "<group>";
		};
		8287C42025D78EF100729808 /* triv.ioApp */ = {
			isa = PBXGroup;
			children = (
				8287C42125D78EF100729808 /* AppDelegate.swift */,
				8287C42325D78EF100729808 /* SceneDelegate.swift */,
				8287C42525D78EF100729808 /* ViewController.swift */,
				8287C42725D78EF200729808 /* Main.storyboard */,
				8287C42D25D78EF500729808 /* Assets.xcassets */,
				8287C42F25D78EF500729808 /* LaunchScreen.storyboard */,
				8287C43225D78EF500729808 /* Info.plist */,
				8287C42A25D78EF200729808 /* triv_ioApp.xcdatamodeld */,
			);
			path = triv.ioApp;
			sourceTree = "<group>";
		};
		8287C43A25D78EF600729808 /* triv.ioAppTests */ = {
			isa = PBXGroup;
			children = (
				8287C43B25D78EF600729808 /* triv_ioAppTests.swift */,
				8287C43D25D78EF600729808 /* Info.plist */,
			);
			path = triv.ioAppTests;
			sourceTree = "<group>";
		};
		8287C44525D78EF600729808 /* triv.ioAppUITests */ = {
			isa = PBXGroup;
			children = (
				8287C44625D78EF600729808 /* triv_ioAppUITests.swift */,
				8287C44825D78EF600729808 /* Info.plist */,
			);
			path = triv.ioAppUITests;
			sourceTree = "<group>";
		};
/* End PBXGroup section */

/* Begin PBXNativeTarget section */
		8287C41D25D78EF100729808 /* triv.ioApp */ = {
			isa = PBXNativeTarget;
			buildConfigurationList = 8287C44B25D78EF600729808 /* Build configuration list for PBXNativeTarget "triv.ioApp" */;
			buildPhases = (
				8287C41A25D78EF100729808 /* Sources */,
				8287C41B25D78EF100729808 /* Frameworks */,
				8287C41C25D78EF100729808 /* Resources */,
			);
			buildRules = (
			);
			dependencies = (
			);
			name = triv.ioApp;
			productName = triv.ioApp;
			productReference = 8287C41E25D78EF100729808 /* triv.ioApp.app */;
			productType = "com.apple.product-type.application";
		};
		8287C43625D78EF600729808 /* triv.ioAppTests */ = {
			isa = PBXNativeTarget;
			buildConfigurationList = 8287C44E25D78EF600729808 /* Build configuration list for PBXNativeTarget "triv.ioAppTests" */;
			buildPhases = (
				8287C43325D78EF600729808 /* Sources */,
				8287C43425D78EF600729808 /* Frameworks */,
				8287C43525D78EF600729808 /* Resources */,
			);
			buildRules = (
			);
			dependencies = (
				8287C43925D78EF600729808 /* PBXTargetDependency */,
			);
			name = triv.ioAppTests;
			productName = triv.ioAppTests;
			productReference = 8287C43725D78EF600729808 /* triv.ioAppTests.xctest */;
			productType = "com.apple.product-type.bundle.unit-test";
		};
		8287C44125D78EF600729808 /* triv.ioAppUITests */ = {
			isa = PBXNativeTarget;
			buildConfigurationList = 8287C45125D78EF600729808 /* Build configuration list for PBXNativeTarget "triv.ioAppUITests" */;
			buildPhases = (
				8287C43E25D78EF600729808 /* Sources */,
				8287C43F25D78EF600729808 /* Frameworks */,
				8287C44025D78EF600729808 /* Resources */,
			);
			buildRules = (
			);
			dependencies = (
				8287C44425D78EF600729808 /* PBXTargetDependency */,
			);
			name = triv.ioAppUITests;
			productName = triv.ioAppUITests;
			productReference = 8287C44225D78EF600729808 /* triv.ioAppUITests.xctest */;
			productType = "com.apple.product-type.bundle.ui-testing";
		};
/* End PBXNativeTarget section */

/* Begin PBXProject section */
		8287C41625D78EF100729808 /* Project object */ = {
			isa = PBXProject;
			attributes = {
				LastSwiftUpdateCheck = 1240;
				LastUpgradeCheck = 1240;
				TargetAttributes = {
					8287C41D25D78EF100729808 = {
						CreatedOnToolsVersion = 12.4;
					};
					8287C43625D78EF600729808 = {
						CreatedOnToolsVersion = 12.4;
						TestTargetID = 8287C41D25D78EF100729808;
					};
					8287C44125D78EF600729808 = {
						CreatedOnToolsVersion = 12.4;
						TestTargetID = 8287C41D25D78EF100729808;
					};
				};
			};
			buildConfigurationList = 8287C41925D78EF100729808 /* Build configuration list for PBXProject "triv.ioApp" */;
			compatibilityVersion = "Xcode 9.3";
			developmentRegion = en;
			hasScannedForEncodings = 0;
			knownRegions = (
				en,
				Base,
			);
			mainGroup = 8287C41525D78EF100729808;
			productRefGroup = 8287C41F25D78EF100729808 /* Products */;
			projectDirPath = "";
			projectRoot = "";
			targets = (
				8287C41D25D78EF100729808 /* triv.ioApp */,
				8287C43625D78EF600729808 /* triv.ioAppTests */,
				8287C44125D78EF600729808 /* triv.ioAppUITests */,
			);
		};
/* End PBXProject section */

/* Begin PBXResourcesBuildPhase section */
		8287C41C25D78EF100729808 /* Resources */ = {
			isa = PBXResourcesBuildPhase;
			buildActionMask = 2147483647;
			files = (
				8287C43125D78EF500729808 /* LaunchScreen.storyboard in Resources */,
				8287C42E25D78EF500729808 /* Assets.xcassets in Resources */,
				8287C42925D78EF200729808 /* Main.storyboard in Resources */,
			);
			runOnlyForDeploymentPostprocessing = 0;
		};
		8287C43525D78EF600729808 /* Resources */ = {
			isa = PBXResourcesBuildPhase;
			buildActionMask = 2147483647;
			files = (
			);
			runOnlyForDeploymentPostprocessing = 0;
		};
		8287C44025D78EF600729808 /* Resources */ = {
			isa = PBXResourcesBuildPhase;
			buildActionMask = 2147483647;
			files = (
			);
			runOnlyForDeploymentPostprocessing = 0;
		};
/* End PBXResourcesBuildPhase section */

/* Begin PBXSourcesBuildPhase section */
		8287C41A25D78EF100729808 /* Sources */ = {
			isa = PBXSourcesBuildPhase;
			buildActionMask = 2147483647;
			files = (
				8287C42C25D78EF200729808 /* triv_ioApp.xcdatamodeld in Sources */,
				8287C42625D78EF100729808 /* ViewController.swift in Sources */,
				8287C42225D78EF100729808 /* AppDelegate.swift in Sources */,
				8287C42425D78EF100729808 /* SceneDelegate.swift in Sources */,
			);
			runOnlyForDeploymentPostprocessing = 0;
		};
		8287C43325D78EF600729808 /* Sources */ = {
			isa = PBXSourcesBuildPhase;
			buildActionMask = 2147483647;
			files = (
				8287C43C25D78EF600729808 /* triv_ioAppTests.swift in Sources */,
			);
			runOnlyForDeploymentPostprocessing = 0;
		};
		8287C43E25D78EF600729808 /* Sources */ = {
			isa = PBXSourcesBuildPhase;
			buildActionMask = 2147483647;
			files = (
				8287C44725D78EF600729808 /* triv_ioAppUITests.swift in Sources */,
			);
			runOnlyForDeploymentPostprocessing = 0;
		};
/* End PBXSourcesBuildPhase section */

/* Begin PBXTargetDependency section */
		8287C43925D78EF600729808 /* PBXTargetDependency */ = {
			isa = PBXTargetDependency;
			target = 8287C41D25D78EF100729808 /* triv.ioApp */;
			targetProxy = 8287C43825D78EF600729808 /* PBXContainerItemProxy */;
		};
		8287C44425D78EF600729808 /* PBXTargetDependency */ = {
			isa = PBXTargetDependency;
			target = 8287C41D25D78EF100729808 /* triv.ioApp */;
			targetProxy = 8287C44325D78EF600729808 /* PBXContainerItemProxy */;
		};
/* End PBXTargetDependency section */

/* Begin PBXVariantGroup section */
		8287C42725D78EF200729808 /* Main.storyboard */ = {
			isa = PBXVariantGroup;
			children = (
				8287C42825D78EF200729808 /* Base */,
			);
			name = Main.storyboard;
			sourceTree = "<group>";
		};
		8287C42F25D78EF500729808 /* LaunchScreen.storyboard */ = {
			isa = PBXVariantGroup;
			children = (
				8287C43025D78EF500729808 /* Base */,
			);
			name = LaunchScreen.storyboard;
			sourceTree = "<group>";
		};
/* End PBXVariantGroup section */

/* Begin XCBuildConfiguration section */
		8287C44925D78EF600729808 /* Debug */ = {
			isa = XCBuildConfiguration;
			buildSettings = {
				ALWAYS_SEARCH_USER_PATHS = NO;
				CLANG_ANALYZER_NONNULL = YES;
				CLANG_ANALYZER_NUMBER_OBJECT_CONVERSION = YES_AGGRESSIVE;
				CLANG_CXX_LANGUAGE_STANDARD = "gnu++14";
				CLANG_CXX_LIBRARY = "libc++";
				CLANG_ENABLE_MODULES = YES;
				CLANG_ENABLE_OBJC_ARC = YES;
				CLANG_ENABLE_OBJC_WEAK = YES;
				CLANG_WARN_BLOCK_CAPTURE_AUTORELEASING = YES;
				CLANG_WARN_BOOL_CONVERSION = YES;
				CLANG_WARN_COMMA = YES;
				CLANG_WARN_CONSTANT_CONVERSION = YES;
				CLANG_WARN_DEPRECATED_OBJC_IMPLEMENTATIONS = YES;
				CLANG_WARN_DIRECT_OBJC_ISA_USAGE = YES_ERROR;
				CLANG_WARN_DOCUMENTATION_COMMENTS = YES;
				CLANG_WARN_EMPTY_BODY = YES;
				CLANG_WARN_ENUM_CONVERSION = YES;
				CLANG_WARN_INFINITE_RECURSION = YES;
				CLANG_WARN_INT_CONVERSION = YES;
				CLANG_WARN_NON_LITERAL_NULL_CONVERSION = YES;
				CLANG_WARN_OBJC_IMPLICIT_RETAIN_SELF = YES;
				CLANG_WARN_OBJC_LITERAL_CONVERSION = YES;
				CLANG_WARN_OBJC_ROOT_CLASS = YES_ERROR;
				CLANG_WARN_QUOTED_INCLUDE_IN_FRAMEWORK_HEADER = YES;
				CLANG_WARN_RANGE_LOOP_ANALYSIS = YES;
				CLANG_WARN_STRICT_PROTOTYPES = YES;
				CLANG_WARN_SUSPICIOUS_MOVE = YES;
				CLANG_WARN_UNGUARDED_AVAILABILITY = YES_AGGRESSIVE;
				CLANG_WARN_UNREACHABLE_CODE = YES;
				CLANG_WARN__DUPLICATE_METHOD_MATCH = YES;
				COPY_PHASE_STRIP = NO;
				DEBUG_INFORMATION_FORMAT = dwarf;
				ENABLE_STRICT_OBJC_MSGSEND = YES;
				ENABLE_TESTABILITY = YES;
				GCC_C_LANGUAGE_STANDARD = gnu11;
				GCC_DYNAMIC_NO_PIC = NO;
				GCC_NO_COMMON_BLOCKS = YES;
				GCC_OPTIMIZATION_LEVEL = 0;
				GCC_PREPROCESSOR_DEFINITIONS = (
					"DEBUG=1",
					"$(inherited)",
				);
				GCC_WARN_64_TO_32_BIT_CONVERSION = YES;
				GCC_WARN_ABOUT_RETURN_TYPE = YES_ERROR;
				GCC_WARN_UNDECLARED_SELECTOR = YES;
				GCC_WARN_UNINITIALIZED_AUTOS = YES_AGGRESSIVE;
				GCC_WARN_UNUSED_FUNCTION = YES;
				GCC_WARN_UNUSED_VARIABLE = YES;
				IPHONEOS_DEPLOYMENT_TARGET = 14.4;
				MTL_ENABLE_DEBUG_INFO = INCLUDE_SOURCE;
				MTL_FAST_MATH = YES;
				ONLY_ACTIVE_ARCH = YES;
				SDKROOT = iphoneos;
				SWIFT_ACTIVE_COMPILATION_CONDITIONS = DEBUG;
				SWIFT_OPTIMIZATION_LEVEL = "-Onone";
			};
			name = Debug;
		};
		8287C44A25D78EF600729808 /* Release */ = {
			isa = XCBuildConfiguration;
			buildSettings = {
				ALWAYS_SEARCH_USER_PATHS = NO;
				CLANG_ANALYZER_NONNULL = YES;
				CLANG_ANALYZER_NUMBER_OBJECT_CONVERSION = YES_AGGRESSIVE;
				CLANG_CXX_LANGUAGE_STANDARD = "gnu++14";
				CLANG_CXX_LIBRARY = "libc++";
				CLANG_ENABLE_MODULES = YES;
				CLANG_ENABLE_OBJC_ARC = YES;
				CLANG_ENABLE_OBJC_WEAK = YES;
				CLANG_WARN_BLOCK_CAPTURE_AUTORELEASING = YES;
				CLANG_WARN_BOOL_CONVERSION = YES;
				CLANG_WARN_COMMA = YES;
				CLANG_WARN_CONSTANT_CONVERSION = YES;
				CLANG_WARN_DEPRECATED_OBJC_IMPLEMENTATIONS = YES;
				CLANG_WARN_DIRECT_OBJC_ISA_USAGE = YES_ERROR;
				CLANG_WARN_DOCUMENTATION_COMMENTS = YES;
				CLANG_WARN_EMPTY_BODY = YES;
				CLANG_WARN_ENUM_CONVERSION = YES;
				CLANG_WARN_INFINITE_RECURSION = YES;
				CLANG_WARN_INT_CONVERSION = YES;
				CLANG_WARN_NON_LITERAL_NULL_CONVERSION = YES;
				CLANG_WARN_OBJC_IMPLICIT_RETAIN_SELF = YES;
				CLANG_WARN_OBJC_LITERAL_CONVERSION = YES;
				CLANG_WARN_OBJC_ROOT_CLASS = YES_ERROR;
				CLANG_WARN_QUOTED_INCLUDE_IN_FRAMEWORK_HEADER = YES;
				CLANG_WARN_RANGE_LOOP_ANALYSIS = YES;
				CLANG_WARN_STRICT_PROTOTYPES = YES;
				CLANG_WARN_SUSPICIOUS_MOVE = YES;
				CLANG_WARN_UNGUARDED_AVAILABILITY = YES_AGGRESSIVE;
				CLANG_WARN_UNREACHABLE_CODE = YES;
				CLANG_WARN__DUPLICATE_METHOD_MATCH = YES;
				COPY_PHASE_STRIP = NO;
				DEBUG_INFORMATION_FORMAT = "dwarf-with-dsym";
				ENABLE_NS_ASSERTIONS = NO;
				ENABLE_STRICT_OBJC_MSGSEND = YES;
				GCC_C_LANGUAGE_STANDARD = gnu11;
				GCC_NO_COMMON_BLOCKS = YES;
				GCC_WARN_64_TO_32_BIT_CONVERSION = YES;
				GCC_WARN_ABOUT_RETURN_TYPE = YES_ERROR;
				GCC_WARN_UNDECLARED_SELECTOR = YES;
				GCC_WARN_UNINITIALIZED_AUTOS = YES_AGGRESSIVE;
				GCC_WARN_UNUSED_FUNCTION = YES;
				GCC_WARN_UNUSED_VARIABLE = YES;
				IPHONEOS_DEPLOYMENT_TARGET = 14.4;
				MTL_ENABLE_DEBUG_INFO = NO;
				MTL_FAST_MATH = YES;
				SDKROOT = iphoneos;
				SWIFT_COMPILATION_MODE = wholemodule;
				SWIFT_OPTIMIZATION_LEVEL = "-O";
				VALIDATE_PRODUCT = YES;
			};
			name = Release;
		};
		8287C44C25D78EF600729808 /* Debug */ = {
			isa = XCBuildConfiguration;
			buildSettings = {
				ASSETCATALOG_COMPILER_APPICON_NAME = AppIcon;
				ASSETCATALOG_COMPILER_GLOBAL_ACCENT_COLOR_NAME = AccentColor;
				CODE_SIGN_STYLE = Automatic;
				DEVELOPMENT_TEAM = KKBC76327S;
				INFOPLIST_FILE = triv.ioApp/Info.plist;
				LD_RUNPATH_SEARCH_PATHS = (
					"$(inherited)",
					"@executable_path/Frameworks",
				);
				PRODUCT_BUNDLE_IDENTIFIER = "UCD20.triv-ioApp";
				PRODUCT_NAME = "$(TARGET_NAME)";
				SWIFT_VERSION = 5.0;
				TARGETED_DEVICE_FAMILY = "1,2";
			};
			name = Debug;
		};
		8287C44D25D78EF600729808 /* Release */ = {
			isa = XCBuildConfiguration;
			buildSettings = {
				ASSETCATALOG_COMPILER_APPICON_NAME = AppIcon;
				ASSETCATALOG_COMPILER_GLOBAL_ACCENT_COLOR_NAME = AccentColor;
				CODE_SIGN_STYLE = Automatic;
				DEVELOPMENT_TEAM = KKBC76327S;
				INFOPLIST_FILE = triv.ioApp/Info.plist;
				LD_RUNPATH_SEARCH_PATHS = (
					"$(inherited)",
					"@executable_path/Frameworks",
				);
				PRODUCT_BUNDLE_IDENTIFIER = "UCD20.triv-ioApp";
				PRODUCT_NAME = "$(TARGET_NAME)";
				SWIFT_VERSION = 5.0;
				TARGETED_DEVICE_FAMILY = "1,2";
			};
			name = Release;
		};
		8287C44F25D78EF600729808 /* Debug */ = {
			isa = XCBuildConfiguration;
			buildSettings = {
				ALWAYS_EMBED_SWIFT_STANDARD_LIBRARIES = YES;
				BUNDLE_LOADER = "$(TEST_HOST)";
				CODE_SIGN_STYLE = Automatic;
				DEVELOPMENT_TEAM = KKBC76327S;
				INFOPLIST_FILE = triv.ioAppTests/Info.plist;
				IPHONEOS_DEPLOYMENT_TARGET = 14.4;
				LD_RUNPATH_SEARCH_PATHS = (
					"$(inherited)",
					"@executable_path/Frameworks",
					"@loader_path/Frameworks",
				);
				PRODUCT_BUNDLE_IDENTIFIER = "UCD20.triv-ioAppTests";
				PRODUCT_NAME = "$(TARGET_NAME)";
				SWIFT_VERSION = 5.0;
				TARGETED_DEVICE_FAMILY = "1,2";
				TEST_HOST = "$(BUILT_PRODUCTS_DIR)/triv.ioApp.app/triv.ioApp";
			};
			name = Debug;
		};
		8287C45025D78EF600729808 /* Release */ = {
			isa = XCBuildConfiguration;
			buildSettings = {
				ALWAYS_EMBED_SWIFT_STANDARD_LIBRARIES = YES;
				BUNDLE_LOADER = "$(TEST_HOST)";
				CODE_SIGN_STYLE = Automatic;
				DEVELOPMENT_TEAM = KKBC76327S;
				INFOPLIST_FILE = triv.ioAppTests/Info.plist;
				IPHONEOS_DEPLOYMENT_TARGET = 14.4;
				LD_RUNPATH_SEARCH_PATHS = (
					"$(inherited)",
					"@executable_path/Frameworks",
					"@loader_path/Frameworks",
				);
				PRODUCT_BUNDLE_IDENTIFIER = "UCD20.triv-ioAppTests";
				PRODUCT_NAME = "$(TARGET_NAME)";
				SWIFT_VERSION = 5.0;
				TARGETED_DEVICE_FAMILY = "1,2";
				TEST_HOST = "$(BUILT_PRODUCTS_DIR)/triv.ioApp.app/triv.ioApp";
			};
			name = Release;
		};
		8287C45225D78EF600729808 /* Debug */ = {
			isa = XCBuildConfiguration;
			buildSettings = {
				ALWAYS_EMBED_SWIFT_STANDARD_LIBRARIES = YES;
				CODE_SIGN_STYLE = Automatic;
				DEVELOPMENT_TEAM = KKBC76327S;
				INFOPLIST_FILE = triv.ioAppUITests/Info.plist;
				LD_RUNPATH_SEARCH_PATHS = (
					"$(inherited)",
					"@executable_path/Frameworks",
					"@loader_path/Frameworks",
				);
				PRODUCT_BUNDLE_IDENTIFIER = "UCD20.triv-ioAppUITests";
				PRODUCT_NAME = "$(TARGET_NAME)";
				SWIFT_VERSION = 5.0;
				TARGETED_DEVICE_FAMILY = "1,2";
				TEST_TARGET_NAME = triv.ioApp;
			};
			name = Debug;
		};
		8287C45325D78EF600729808 /* Release */ = {
			isa = XCBuildConfiguration;
			buildSettings = {
				ALWAYS_EMBED_SWIFT_STANDARD_LIBRARIES = YES;
				CODE_SIGN_STYLE = Automatic;
				DEVELOPMENT_TEAM = KKBC76327S;
				INFOPLIST_FILE = triv.ioAppUITests/Info.plist;
				LD_RUNPATH_SEARCH_PATHS = (
					"$(inherited)",
					"@executable_path/Frameworks",
					"@loader_path/Frameworks",
				);
				PRODUCT_BUNDLE_IDENTIFIER = "UCD20.triv-ioAppUITests";
				PRODUCT_NAME = "$(TARGET_NAME)";
				SWIFT_VERSION = 5.0;
				TARGETED_DEVICE_FAMILY = "1,2";
				TEST_TARGET_NAME = triv.ioApp;
			};
			name = Release;
		};
/* End XCBuildConfiguration section */

/* Begin XCConfigurationList section */
		8287C41925D78EF100729808 /* Build configuration list for PBXProject "triv.ioApp" */ = {
			isa = XCConfigurationList;
			buildConfigurations = (
				8287C44925D78EF600729808 /* Debug */,
				8287C44A25D78EF600729808 /* Release */,
			);
			defaultConfigurationIsVisible = 0;
			defaultConfigurationName = Release;
		};
		8287C44B25D78EF600729808 /* Build configuration list for PBXNativeTarget "triv.ioApp" */ = {
			isa = XCConfigurationList;
			buildConfigurations = (
				8287C44C25D78EF600729808 /* Debug */,
				8287C44D25D78EF600729808 /* Release */,
			);
			defaultConfigurationIsVisible = 0;
			defaultConfigurationName = Release;
		};
		8287C44E25D78EF600729808 /* Build configuration list for PBXNativeTarget "triv.ioAppTests" */ = {
			isa = XCConfigurationList;
			buildConfigurations = (
				8287C44F25D78EF600729808 /* Debug */,
				8287C45025D78EF600729808 /* Release */,
			);
			defaultConfigurationIsVisible = 0;
			defaultConfigurationName = Release;
		};
		8287C45125D78EF600729808 /* Build configuration list for PBXNativeTarget "triv.ioAppUITests" */ = {
			isa = XCConfigurationList;
			buildConfigurations = (
				8287C45225D78EF600729808 /* Debug */,
				8287C45325D78EF600729808 /* Release */,
			);
			defaultConfigurationIsVisible = 0;
			defaultConfigurationName = Release;
		};
/* End XCConfigurationList section */

/* Begin XCVersionGroup section */
		8287C42A25D78EF200729808 /* triv_ioApp.xcdatamodeld */ = {
			isa = XCVersionGroup;
			children = (
				8287C42B25D78EF200729808 /* triv_ioApp.xcdatamodel */,
			);
			currentVersion = 8287C42B25D78EF200729808 /* triv_ioApp.xcdatamodel */;
			path = triv_ioApp.xcdatamodeld;
			sourceTree = "<group>";
			versionGroupType = wrapper.xcdatamodel;
		};
/* End XCVersionGroup section */
	};
	rootObject = 8287C41625D78EF100729808 /* Project object */;
}
